
Microsoft Visual Studio Solution File, Format Version 12.00
# Visual Studio Version 17
VisualStudioVersion = 17.4.33122.133
MinimumVisualStudioVersion = 10.0.40219.1
Project("{FAE04EC0-301F-11D3-BF4B-00C04F79EFBC}") = "LoginForm", "LoginForm\LoginForm.csproj", "{D2F6384F-3C73-46D2-9427-CD0A439E66AC}"
EndProject
Global
	GlobalSection(SolutionConfigurationPlatforms) = preSolution
		Debug|Any CPU = Debug|Any CPU
		Release|Any CPU = Release|Any CPU
	EndGlobalSection
	GlobalSection(ProjectConfigurationPlatforms) = postSolution
		{D2F6384F-3C73-46D2-9427-CD0A439E66AC}.Debug|Any CPU.ActiveCfg = Debug|Any CPU
		{D2F6384F-3C73-46D2-9427-CD0A439E66AC}.Debug|Any CPU.Build.0 = Debug|Any CPU
		{D2F6384F-3C73-46D2-9427-CD0A439E66AC}.Release|Any CPU.ActiveCfg = Release|Any CPU
		{D2F6384F-3C73-46D2-9427-CD0A439E66AC}.Release|Any CPU.Build.0 = Release|Any CPU
	EndGlobalSection
	GlobalSection(SolutionProperties) = preSolution
		HideSolutionNode = FALSE
	EndGlobalSection
	GlobalSection(ExtensibilityGlobals) = postSolution
		SolutionGuid = {D97DF21E-DDA1-433C-9650-33F93D3E09E8}
	EndGlobalSection
EndGlobal
